
Microsoft Visual Studio Solution File, Format Version 12.00
# Visual Studio Version 17
VisualStudioVersion = 17.14.36414.22 d17.14
MinimumVisualStudioVersion = 10.0.40219.1
Project("{FAE04EC0-301F-11D3-BF4B-00C04F79EFBC}") = "ACTDataService", "ACTDataService\ACTDataService.csproj", "{55A998B4-825A-4ADE-A600-4EC285E40747}"
EndProject
Global
	GlobalSection(SolutionConfigurationPlatforms) = preSolution
		Debug|Any CPU = Debug|Any CPU
		Release|Any CPU = Release|Any CPU
	EndGlobalSection
	GlobalSection(ProjectConfigurationPlatforms) = postSolution
		{55A998B4-825A-4ADE-A600-4EC285E40747}.Debug|Any CPU.ActiveCfg = Debug|Any CPU
		{55A998B4-825A-4ADE-A600-4EC285E40747}.Debug|Any CPU.Build.0 = Debug|Any CPU
		{55A998B4-825A-4ADE-A600-4EC285E40747}.Release|Any CPU.ActiveCfg = Release|Any CPU
		{55A998B4-825A-4ADE-A600-4EC285E40747}.Release|Any CPU.Build.0 = Release|Any CPU
	EndGlobalSection
	GlobalSection(SolutionProperties) = preSolution
		HideSolutionNode = FALSE
	EndGlobalSection
	GlobalSection(ExtensibilityGlobals) = postSolution
		SolutionGuid = {06F0F74D-FD97-4AF8-9555-79D3B3D22B1F}
	EndGlobalSection
EndGlobal
